// !$*UTF8*$!
{
	archiveVersion = 1;
	classes = {
	};
	objectVersion = 46;
	objects = {

/* Begin PBXBuildFile section */
		75164C231E9D7D340083F7C8 /* AppDelegate.swift in Sources */ = {isa = PBXBuildFile; fileRef = 75164C221E9D7D340083F7C8 /* AppDelegate.swift */; };
		75164C251E9D7D340083F7C8 /* ViewController.swift in Sources */ = {isa = PBXBuildFile; fileRef = 75164C241E9D7D340083F7C8 /* ViewController.swift */; };
		75164C281E9D7D340083F7C8 /* Main.storyboard in Resources */ = {isa = PBXBuildFile; fileRef = 75164C261E9D7D340083F7C8 /* Main.storyboard */; };
		75164C2B1E9D7D340083F7C8 /* FlatDesignElements.xcdatamodeld in Sources */ = {isa = PBXBuildFile; fileRef = 75164C291E9D7D340083F7C8 /* FlatDesignElements.xcdatamodeld */; };
		75164C2D1E9D7D340083F7C8 /* Assets.xcassets in Resources */ = {isa = PBXBuildFile; fileRef = 75164C2C1E9D7D340083F7C8 /* Assets.xcassets */; };
		75164C301E9D7D340083F7C8 /* LaunchScreen.storyboard in Resources */ = {isa = PBXBuildFile; fileRef = 75164C2E1E9D7D340083F7C8 /* LaunchScreen.storyboard */; };
		75164C3B1E9D7D350083F7C8 /* FlatDesignElementsTests.swift in Sources */ = {isa = PBXBuildFile; fileRef = 75164C3A1E9D7D350083F7C8 /* FlatDesignElementsTests.swift */; };
		75164C461E9D7D350083F7C8 /* FlatDesignElementsUITests.swift in Sources */ = {isa = PBXBuildFile; fileRef = 75164C451E9D7D350083F7C8 /* FlatDesignElementsUITests.swift */; };
		75164C561E9EEB390083F7C8 /* UIFloatingFieldView.swift in Sources */ = {isa = PBXBuildFile; fileRef = 75164C551E9EEB390083F7C8 /* UIFloatingFieldView.swift */; };
/* End PBXBuildFile section */

/* Begin PBXContainerItemProxy section */
		75164C371E9D7D350083F7C8 /* PBXContainerItemProxy */ = {
			isa = PBXContainerItemProxy;
			containerPortal = 75164C171E9D7D340083F7C8 /* Project object */;
			proxyType = 1;
			remoteGlobalIDString = 75164C1E1E9D7D340083F7C8;
			remoteInfo = FlatDesignElements;
		};
		75164C421E9D7D350083F7C8 /* PBXContainerItemProxy */ = {
			isa = PBXContainerItemProxy;
			containerPortal = 75164C171E9D7D340083F7C8 /* Project object */;
			proxyType = 1;
			remoteGlobalIDString = 75164C1E1E9D7D340083F7C8;
			remoteInfo = FlatDesignElements;
		};
/* End PBXContainerItemProxy section */

/* Begin PBXFileReference section */
		75164C1F1E9D7D340083F7C8 /* FlatDesignElements.app */ = {isa = PBXFileReference; explicitFileType = wrapper.application; includeInIndex = 0; path = FlatDesignElements.app; sourceTree = BUILT_PRODUCTS_DIR; };
		75164C221E9D7D340083F7C8 /* AppDelegate.swift */ = {isa = PBXFileReference; lastKnownFileType = sourcecode.swift; path = AppDelegate.swift; sourceTree = "<group>"; };
		75164C241E9D7D340083F7C8 /* ViewController.swift */ = {isa = PBXFileReference; lastKnownFileType = sourcecode.swift; path = ViewController.swift; sourceTree = "<group>"; };
		75164C271E9D7D340083F7C8 /* Base */ = {isa = PBXFileReference; lastKnownFileType = file.storyboard; name = Base; path = Base.lproj/Main.storyboard; sourceTree = "<group>"; };
		75164C2A1E9D7D340083F7C8 /* FlatDesignElements.xcdatamodel */ = {isa = PBXFileReference; lastKnownFileType = wrapper.xcdatamodel; path = FlatDesignElements.xcdatamodel; sourceTree = "<group>"; };
		75164C2C1E9D7D340083F7C8 /* Assets.xcassets */ = {isa = PBXFileReference; lastKnownFileType = folder.assetcatalog; path = Assets.xcassets; sourceTree = "<group>"; };
		75164C2F1E9D7D340083F7C8 /* Base */ = {isa = PBXFileReference; lastKnownFileType = file.storyboard; name = Base; path = Base.lproj/LaunchScreen.storyboard; sourceTree = "<group>"; };
		75164C311E9D7D340083F7C8 /* Info.plist */ = {isa = PBXFileReference; lastKnownFileType = text.plist.xml; path = Info.plist; sourceTree = "<group>"; };
		75164C361E9D7D350083F7C8 /* FlatDesignElementsTests.xctest */ = {isa = PBXFileReference; explicitFileType = wrapper.cfbundle; includeInIndex = 0; path = FlatDesignElementsTests.xctest; sourceTree = BUILT_PRODUCTS_DIR; };
		75164C3A1E9D7D350083F7C8 /* FlatDesignElementsTests.swift */ = {isa = PBXFileReference; lastKnownFileType = sourcecode.swift; path = FlatDesignElementsTests.swift; sourceTree = "<group>"; };
		75164C3C1E9D7D350083F7C8 /* Info.plist */ = {isa = PBXFileReference; lastKnownFileType = text.plist.xml; path = Info.plist; sourceTree = "<group>"; };
		75164C411E9D7D350083F7C8 /* FlatDesignElementsUITests.xctest */ = {isa = PBXFileReference; explicitFileType = wrapper.cfbundle; includeInIndex = 0; path = FlatDesignElementsUITests.xctest; sourceTree = BUILT_PRODUCTS_DIR; };
		75164C451E9D7D350083F7C8 /* FlatDesignElementsUITests.swift */ = {isa = PBXFileReference; lastKnownFileType = sourcecode.swift; path = FlatDesignElementsUITests.swift; sourceTree = "<group>"; };
		75164C471E9D7D350083F7C8 /* Info.plist */ = {isa = PBXFileReference; lastKnownFileType = text.plist.xml; path = Info.plist; sourceTree = "<group>"; };
		75164C551E9EEB390083F7C8 /* UIFloatingFieldView.swift */ = {isa = PBXFileReference; fileEncoding = 4; lastKnownFileType = sourcecode.swift; path = UIFloatingFieldView.swift; sourceTree = "<group>"; };
/* End PBXFileReference section */

/* Begin PBXFrameworksBuildPhase section */
		75164C1C1E9D7D340083F7C8 /* Frameworks */ = {
			isa = PBXFrameworksBuildPhase;
			buildActionMask = 2147483647;
			files = (
			);
			runOnlyForDeploymentPostprocessing = 0;
		};
		75164C331E9D7D350083F7C8 /* Frameworks */ = {
			isa = PBXFrameworksBuildPhase;
			buildActionMask = 2147483647;
			files = (
			);
			runOnlyForDeploymentPostprocessing = 0;
		};
		75164C3E1E9D7D350083F7C8 /* Frameworks */ = {
			isa = PBXFrameworksBuildPhase;
			buildActionMask = 2147483647;
			files = (
			);
			runOnlyForDeploymentPostprocessing = 0;
		};
/* End PBXFrameworksBuildPhase section */

/* Begin PBXGroup section */
		75164C161E9D7D340083F7C8 = {
			isa = PBXGroup;
			children = (
				75164C211E9D7D340083F7C8 /* FlatDesignElements */,
				75164C391E9D7D350083F7C8 /* FlatDesignElementsTests */,
				75164C441E9D7D350083F7C8 /* FlatDesignElementsUITests */,
				75164C201E9D7D340083F7C8 /* Products */,
			);
			sourceTree = "<group>";
		};
		75164C201E9D7D340083F7C8 /* Products */ = {
			isa = PBXGroup;
			children = (
				75164C1F1E9D7D340083F7C8 /* FlatDesignElements.app */,
				75164C361E9D7D350083F7C8 /* FlatDesignElementsTests.xctest */,
				75164C411E9D7D350083F7C8 /* FlatDesignElementsUITests.xctest */,
			);
			name = Products;
			sourceTree = "<group>";
		};
		75164C211E9D7D340083F7C8 /* FlatDesignElements */ = {
			isa = PBXGroup;
			children = (
				75164C221E9D7D340083F7C8 /* AppDelegate.swift */,
				75164C241E9D7D340083F7C8 /* ViewController.swift */,
				75164C551E9EEB390083F7C8 /* UIFloatingFieldView.swift */,
				75164C261E9D7D340083F7C8 /* Main.storyboard */,
				75164C2C1E9D7D340083F7C8 /* Assets.xcassets */,
				75164C2E1E9D7D340083F7C8 /* LaunchScreen.storyboard */,
				75164C311E9D7D340083F7C8 /* Info.plist */,
				75164C291E9D7D340083F7C8 /* FlatDesignElements.xcdatamodeld */,
			);
			path = FlatDesignElements;
			sourceTree = "<group>";
		};
		75164C391E9D7D350083F7C8 /* FlatDesignElementsTests */ = {
			isa = PBXGroup;
			children = (
				75164C3A1E9D7D350083F7C8 /* FlatDesignElementsTests.swift */,
				75164C3C1E9D7D350083F7C8 /* Info.plist */,
			);
			path = FlatDesignElementsTests;
			sourceTree = "<group>";
		};
		75164C441E9D7D350083F7C8 /* FlatDesignElementsUITests */ = {
			isa = PBXGroup;
			children = (
				75164C451E9D7D350083F7C8 /* FlatDesignElementsUITests.swift */,
				75164C471E9D7D350083F7C8 /* Info.plist */,
			);
			path = FlatDesignElementsUITests;
			sourceTree = "<group>";
		};
/* End PBXGroup section */

/* Begin PBXNativeTarget section */
		75164C1E1E9D7D340083F7C8 /* FlatDesignElements */ = {
			isa = PBXNativeTarget;
			buildConfigurationList = 75164C4A1E9D7D350083F7C8 /* Build configuration list for PBXNativeTarget "FlatDesignElements" */;
			buildPhases = (
				75164C1B1E9D7D340083F7C8 /* Sources */,
				75164C1C1E9D7D340083F7C8 /* Frameworks */,
				75164C1D1E9D7D340083F7C8 /* Resources */,
			);
			buildRules = (
			);
			dependencies = (
			);
			name = FlatDesignElements;
			productName = FlatDesignElements;
			productReference = 75164C1F1E9D7D340083F7C8 /* FlatDesignElements.app */;
			productType = "com.apple.product-type.application";
		};
		75164C351E9D7D350083F7C8 /* FlatDesignElementsTests */ = {
			isa = PBXNativeTarget;
			buildConfigurationList = 75164C4D1E9D7D350083F7C8 /* Build configuration list for PBXNativeTarget "FlatDesignElementsTests" */;
			buildPhases = (
				75164C321E9D7D350083F7C8 /* Sources */,
				75164C331E9D7D350083F7C8 /* Frameworks */,
				75164C341E9D7D350083F7C8 /* Resources */,
			);
			buildRules = (
			);
			dependencies = (
				75164C381E9D7D350083F7C8 /* PBXTargetDependency */,
			);
			name = FlatDesignElementsTests;
			productName = FlatDesignElementsTests;
			productReference = 75164C361E9D7D350083F7C8 /* FlatDesignElementsTests.xctest */;
			productType = "com.apple.product-type.bundle.unit-test";
		};
		75164C401E9D7D350083F7C8 /* FlatDesignElementsUITests */ = {
			isa = PBXNativeTarget;
			buildConfigurationList = 75164C501E9D7D350083F7C8 /* Build configuration list for PBXNativeTarget "FlatDesignElementsUITests" */;
			buildPhases = (
				75164C3D1E9D7D350083F7C8 /* Sources */,
				75164C3E1E9D7D350083F7C8 /* Frameworks */,
				75164C3F1E9D7D350083F7C8 /* Resources */,
			);
			buildRules = (
			);
			dependencies = (
				75164C431E9D7D350083F7C8 /* PBXTargetDependency */,
			);
			name = FlatDesignElementsUITests;
			productName = FlatDesignElementsUITests;
			productReference = 75164C411E9D7D350083F7C8 /* FlatDesignElementsUITests.xctest */;
			productType = "com.apple.product-type.bundle.ui-testing";
		};
/* End PBXNativeTarget section */

/* Begin PBXProject section */
		75164C171E9D7D340083F7C8 /* Project object */ = {
			isa = PBXProject;
			attributes = {
				LastSwiftUpdateCheck = 0820;
				LastUpgradeCheck = 0820;
				ORGANIZATIONNAME = RAZA;
				TargetAttributes = {
					75164C1E1E9D7D340083F7C8 = {
						CreatedOnToolsVersion = 8.2.1;
						ProvisioningStyle = Automatic;
					};
					75164C351E9D7D350083F7C8 = {
						CreatedOnToolsVersion = 8.2.1;
						ProvisioningStyle = Automatic;
						TestTargetID = 75164C1E1E9D7D340083F7C8;
					};
					75164C401E9D7D350083F7C8 = {
						CreatedOnToolsVersion = 8.2.1;
						ProvisioningStyle = Automatic;
						TestTargetID = 75164C1E1E9D7D340083F7C8;
					};
				};
			};
			buildConfigurationList = 75164C1A1E9D7D340083F7C8 /* Build configuration list for PBXProject "FlatDesignElements" */;
			compatibilityVersion = "Xcode 3.2";
			developmentRegion = English;
			hasScannedForEncodings = 0;
			knownRegions = (
				en,
				Base,
			);
			mainGroup = 75164C161E9D7D340083F7C8;
			productRefGroup = 75164C201E9D7D340083F7C8 /* Products */;
			projectDirPath = "";
			projectRoot = "";
			targets = (
				75164C1E1E9D7D340083F7C8 /* FlatDesignElements */,
				75164C351E9D7D350083F7C8 /* FlatDesignElementsTests */,
				75164C401E9D7D350083F7C8 /* FlatDesignElementsUITests */,
			);
		};
/* End PBXProject section */

/* Begin PBXResourcesBuildPhase section */
		75164C1D1E9D7D340083F7C8 /* Resources */ = {
			isa = PBXResourcesBuildPhase;
			buildActionMask = 2147483647;
			files = (
				75164C301E9D7D340083F7C8 /* LaunchScreen.storyboard in Resources */,
				75164C2D1E9D7D340083F7C8 /* Assets.xcassets in Resources */,
				75164C281E9D7D340083F7C8 /* Main.storyboard in Resources */,
			);
			runOnlyForDeploymentPostprocessing = 0;
		};
		75164C341E9D7D350083F7C8 /* Resources */ = {
			isa = PBXResourcesBuildPhase;
			buildActionMask = 2147483647;
			files = (
			);
			runOnlyForDeploymentPostprocessing = 0;
		};
		75164C3F1E9D7D350083F7C8 /* Resources */ = {
			isa = PBXResourcesBuildPhase;
			buildActionMask = 2147483647;
			files = (
			);
			runOnlyForDeploymentPostprocessing = 0;
		};
/* End PBXResourcesBuildPhase section */

/* Begin PBXSourcesBuildPhase section */
		75164C1B1E9D7D340083F7C8 /* Sources */ = {
			isa = PBXSourcesBuildPhase;
			buildActionMask = 2147483647;
			files = (
				75164C251E9D7D340083F7C8 /* ViewController.swift in Sources */,
				75164C561E9EEB390083F7C8 /* UIFloatingFieldView.swift in Sources */,
				75164C231E9D7D340083F7C8 /* AppDelegate.swift in Sources */,
				75164C2B1E9D7D340083F7C8 /* FlatDesignElements.xcdatamodeld in Sources */,
			);
			runOnlyForDeploymentPostprocessing = 0;
		};
		75164C321E9D7D350083F7C8 /* Sources */ = {
			isa = PBXSourcesBuildPhase;
			buildActionMask = 2147483647;
			files = (
				75164C3B1E9D7D350083F7C8 /* FlatDesignElementsTests.swift in Sources */,
			);
			runOnlyForDeploymentPostprocessing = 0;
		};
		75164C3D1E9D7D350083F7C8 /* Sources */ = {
			isa = PBXSourcesBuildPhase;
			buildActionMask = 2147483647;
			files = (
				75164C461E9D7D350083F7C8 /* FlatDesignElementsUITests.swift in Sources */,
			);
			runOnlyForDeploymentPostprocessing = 0;
		};
/* End PBXSourcesBuildPhase section */

/* Begin PBXTargetDependency section */
		75164C381E9D7D350083F7C8 /* PBXTargetDependency */ = {
			isa = PBXTargetDependency;
			target = 75164C1E1E9D7D340083F7C8 /* FlatDesignElements */;
			targetProxy = 75164C371E9D7D350083F7C8 /* PBXContainerItemProxy */;
		};
		75164C431E9D7D350083F7C8 /* PBXTargetDependency */ = {
			isa = PBXTargetDependency;
			target = 75164C1E1E9D7D340083F7C8 /* FlatDesignElements */;
			targetProxy = 75164C421E9D7D350083F7C8 /* PBXContainerItemProxy */;
		};
/* End PBXTargetDependency section */

/* Begin PBXVariantGroup section */
		75164C261E9D7D340083F7C8 /* Main.storyboard */ = {
			isa = PBXVariantGroup;
			children = (
				75164C271E9D7D340083F7C8 /* Base */,
			);
			name = Main.storyboard;
			sourceTree = "<group>";
		};
		75164C2E1E9D7D340083F7C8 /* LaunchScreen.storyboard */ = {
			isa = PBXVariantGroup;
			children = (
				75164C2F1E9D7D340083F7C8 /* Base */,
			);
			name = LaunchScreen.storyboard;
			sourceTree = "<group>";
		};
/* End PBXVariantGroup section */

/* Begin XCBuildConfiguration section */
		75164C481E9D7D350083F7C8 /* Debug */ = {
			isa = XCBuildConfiguration;
			buildSettings = {
				ALWAYS_SEARCH_USER_PATHS = NO;
				CLANG_ANALYZER_NONNULL = YES;
				CLANG_CXX_LANGUAGE_STANDARD = "gnu++0x";
				CLANG_CXX_LIBRARY = "libc++";
				CLANG_ENABLE_MODULES = YES;
				CLANG_ENABLE_OBJC_ARC = YES;
				CLANG_WARN_BOOL_CONVERSION = YES;
				CLANG_WARN_CONSTANT_CONVERSION = YES;
				CLANG_WARN_DIRECT_OBJC_ISA_USAGE = YES_ERROR;
				CLANG_WARN_DOCUMENTATION_COMMENTS = YES;
				CLANG_WARN_EMPTY_BODY = YES;
				CLANG_WARN_ENUM_CONVERSION = YES;
				CLANG_WARN_INFINITE_RECURSION = YES;
				CLANG_WARN_INT_CONVERSION = YES;
				CLANG_WARN_OBJC_ROOT_CLASS = YES_ERROR;
				CLANG_WARN_SUSPICIOUS_MOVE = YES;
				CLANG_WARN_UNREACHABLE_CODE = YES;
				CLANG_WARN__DUPLICATE_METHOD_MATCH = YES;
				"CODE_SIGN_IDENTITY[sdk=iphoneos*]" = "iPhone Developer";
				COPY_PHASE_STRIP = NO;
				DEBUG_INFORMATION_FORMAT = dwarf;
				ENABLE_STRICT_OBJC_MSGSEND = YES;
				ENABLE_TESTABILITY = YES;
				GCC_C_LANGUAGE_STANDARD = gnu99;
				GCC_DYNAMIC_NO_PIC = NO;
				GCC_NO_COMMON_BLOCKS = YES;
				GCC_OPTIMIZATION_LEVEL = 0;
				GCC_PREPROCESSOR_DEFINITIONS = (
					"DEBUG=1",
					"$(inherited)",
				);
				GCC_WARN_64_TO_32_BIT_CONVERSION = YES;
				GCC_WARN_ABOUT_RETURN_TYPE = YES_ERROR;
				GCC_WARN_UNDECLARED_SELECTOR = YES;
				GCC_WARN_UNINITIALIZED_AUTOS = YES_AGGRESSIVE;
				GCC_WARN_UNUSED_FUNCTION = YES;
				GCC_WARN_UNUSED_VARIABLE = YES;
				IPHONEOS_DEPLOYMENT_TARGET = 10.2;
				MTL_ENABLE_DEBUG_INFO = YES;
				ONLY_ACTIVE_ARCH = YES;
				SDKROOT = iphoneos;
				SWIFT_ACTIVE_COMPILATION_CONDITIONS = DEBUG;
				SWIFT_OPTIMIZATION_LEVEL = "-Onone";
			};
			name = Debug;
		};
		75164C491E9D7D350083F7C8 /* Release */ = {
			isa = XCBuildConfiguration;
			buildSettings = {
				ALWAYS_SEARCH_USER_PATHS = NO;
				CLANG_ANALYZER_NONNULL = YES;
				CLANG_CXX_LANGUAGE_STANDARD = "gnu++0x";
				CLANG_CXX_LIBRARY = "libc++";
				CLANG_ENABLE_MODULES = YES;
				CLANG_ENABLE_OBJC_ARC = YES;
				CLANG_WARN_BOOL_CONVERSION = YES;
				CLANG_WARN_CONSTANT_CONVERSION = YES;
				CLANG_WARN_DIRECT_OBJC_ISA_USAGE = YES_ERROR;
				CLANG_WARN_DOCUMENTATION_COMMENTS = YES;
				CLANG_WARN_EMPTY_BODY = YES;
				CLANG_WARN_ENUM_CONVERSION = YES;
				CLANG_WARN_INFINITE_RECURSION = YES;
				CLANG_WARN_INT_CONVERSION = YES;
				CLANG_WARN_OBJC_ROOT_CLASS = YES_ERROR;
				CLANG_WARN_SUSPICIOUS_MOVE = YES;
				CLANG_WARN_UNREACHABLE_CODE = YES;
				CLANG_WARN__DUPLICATE_METHOD_MATCH = YES;
				"CODE_SIGN_IDENTITY[sdk=iphoneos*]" = "iPhone Developer";
				COPY_PHASE_STRIP = NO;
				DEBUG_INFORMATION_FORMAT = "dwarf-with-dsym";
				ENABLE_NS_ASSERTIONS = NO;
				ENABLE_STRICT_OBJC_MSGSEND = YES;
				GCC_C_LANGUAGE_STANDARD = gnu99;
				GCC_NO_COMMON_BLOCKS = YES;
				GCC_WARN_64_TO_32_BIT_CONVERSION = YES;
				GCC_WARN_ABOUT_RETURN_TYPE = YES_ERROR;
				GCC_WARN_UNDECLARED_SELECTOR = YES;
				GCC_WARN_UNINITIALIZED_AUTOS = YES_AGGRESSIVE;
				GCC_WARN_UNUSED_FUNCTION = YES;
				GCC_WARN_UNUSED_VARIABLE = YES;
				IPHONEOS_DEPLOYMENT_TARGET = 10.2;
				MTL_ENABLE_DEBUG_INFO = NO;
				SDKROOT = iphoneos;
				SWIFT_OPTIMIZATION_LEVEL = "-Owholemodule";
				VALIDATE_PRODUCT = YES;
			};
			name = Release;
		};
		75164C4B1E9D7D350083F7C8 /* Debug */ = {
			isa = XCBuildConfiguration;
			buildSettings = {
				ASSETCATALOG_COMPILER_APPICON_NAME = AppIcon;
				INFOPLIST_FILE = FlatDesignElements/Info.plist;
				LD_RUNPATH_SEARCH_PATHS = "$(inherited) @executable_path/Frameworks";
				PRODUCT_BUNDLE_IDENTIFIER = com.Raza.FlatDesignElements;
				PRODUCT_NAME = "$(TARGET_NAME)";
				SWIFT_VERSION = 3.0;
			};
			name = Debug;
		};
		75164C4C1E9D7D350083F7C8 /* Release */ = {
			isa = XCBuildConfiguration;
			buildSettings = {
				ASSETCATALOG_COMPILER_APPICON_NAME = AppIcon;
				INFOPLIST_FILE = FlatDesignElements/Info.plist;
				LD_RUNPATH_SEARCH_PATHS = "$(inherited) @executable_path/Frameworks";
				PRODUCT_BUNDLE_IDENTIFIER = com.Raza.FlatDesignElements;
				PRODUCT_NAME = "$(TARGET_NAME)";
				SWIFT_VERSION = 3.0;
			};
			name = Release;
		};
		75164C4E1E9D7D350083F7C8 /* Debug */ = {
			isa = XCBuildConfiguration;
			buildSettings = {
				ALWAYS_EMBED_SWIFT_STANDARD_LIBRARIES = YES;
				BUNDLE_LOADER = "$(TEST_HOST)";
				INFOPLIST_FILE = FlatDesignElementsTests/Info.plist;
				LD_RUNPATH_SEARCH_PATHS = "$(inherited) @executable_path/Frameworks @loader_path/Frameworks";
				PRODUCT_BUNDLE_IDENTIFIER = com.Raza.FlatDesignElementsTests;
				PRODUCT_NAME = "$(TARGET_NAME)";
				SWIFT_VERSION = 3.0;
				TEST_HOST = "$(BUILT_PRODUCTS_DIR)/FlatDesignElements.app/FlatDesignElements";
			};
			name = Debug;
		};
		75164C4F1E9D7D350083F7C8 /* Release */ = {
			isa = XCBuildConfiguration;
			buildSettings = {
				ALWAYS_EMBED_SWIFT_STANDARD_LIBRARIES = YES;
				BUNDLE_LOADER = "$(TEST_HOST)";
				INFOPLIST_FILE = FlatDesignElementsTests/Info.plist;
				LD_RUNPATH_SEARCH_PATHS = "$(inherited) @executable_path/Frameworks @loader_path/Frameworks";
				PRODUCT_BUNDLE_IDENTIFIER = com.Raza.FlatDesignElementsTests;
				PRODUCT_NAME = "$(TARGET_NAME)";
				SWIFT_VERSION = 3.0;
				TEST_HOST = "$(BUILT_PRODUCTS_DIR)/FlatDesignElements.app/FlatDesignElements";
			};
			name = Release;
		};
		75164C511E9D7D350083F7C8 /* Debug */ = {
			isa = XCBuildConfiguration;
			buildSettings = {
				ALWAYS_EMBED_SWIFT_STANDARD_LIBRARIES = YES;
				INFOPLIST_FILE = FlatDesignElementsUITests/Info.plist;
				LD_RUNPATH_SEARCH_PATHS = "$(inherited) @executable_path/Frameworks @loader_path/Frameworks";
				PRODUCT_BUNDLE_IDENTIFIER = com.Raza.FlatDesignElementsUITests;
				PRODUCT_NAME = "$(TARGET_NAME)";
				SWIFT_VERSION = 3.0;
				TEST_TARGET_NAME = FlatDesignElements;
			};
			name = Debug;
		};
		75164C521E9D7D350083F7C8 /* Release */ = {
			isa = XCBuildConfiguration;
			buildSettings = {
				ALWAYS_EMBED_SWIFT_STANDARD_LIBRARIES = YES;
				INFOPLIST_FILE = FlatDesignElementsUITests/Info.plist;
				LD_RUNPATH_SEARCH_PATHS = "$(inherited) @executable_path/Frameworks @loader_path/Frameworks";
				PRODUCT_BUNDLE_IDENTIFIER = com.Raza.FlatDesignElementsUITests;
				PRODUCT_NAME = "$(TARGET_NAME)";
				SWIFT_VERSION = 3.0;
				TEST_TARGET_NAME = FlatDesignElements;
			};
			name = Release;
		};
/* End XCBuildConfiguration section */

/* Begin XCConfigurationList section */
		75164C1A1E9D7D340083F7C8 /* Build configuration list for PBXProject "FlatDesignElements" */ = {
			isa = XCConfigurationList;
			buildConfigurations = (
				75164C481E9D7D350083F7C8 /* Debug */,
				75164C491E9D7D350083F7C8 /* Release */,
			);
			defaultConfigurationIsVisible = 0;
			defaultConfigurationName = Release;
		};
		75164C4A1E9D7D350083F7C8 /* Build configuration list for PBXNativeTarget "FlatDesignElements" */ = {
			isa = XCConfigurationList;
			buildConfigurations = (
				75164C4B1E9D7D350083F7C8 /* Debug */,
				75164C4C1E9D7D350083F7C8 /* Release */,
			);
			defaultConfigurationIsVisible = 0;
			defaultConfigurationName = Release;
		};
		75164C4D1E9D7D350083F7C8 /* Build configuration list for PBXNativeTarget "FlatDesignElementsTests" */ = {
			isa = XCConfigurationList;
			buildConfigurations = (
				75164C4E1E9D7D350083F7C8 /* Debug */,
				75164C4F1E9D7D350083F7C8 /* Release */,
			);
			defaultConfigurationIsVisible = 0;
			defaultConfigurationName = Release;
		};
		75164C501E9D7D350083F7C8 /* Build configuration list for PBXNativeTarget "FlatDesignElementsUITests" */ = {
			isa = XCConfigurationList;
			buildConfigurations = (
				75164C511E9D7D350083F7C8 /* Debug */,
				75164C521E9D7D350083F7C8 /* Release */,
			);
			defaultConfigurationIsVisible = 0;
			defaultConfigurationName = Release;
		};
/* End XCConfigurationList section */

/* Begin XCVersionGroup section */
		75164C291E9D7D340083F7C8 /* FlatDesignElements.xcdatamodeld */ = {
			isa = XCVersionGroup;
			children = (
				75164C2A1E9D7D340083F7C8 /* FlatDesignElements.xcdatamodel */,
			);
			currentVersion = 75164C2A1E9D7D340083F7C8 /* FlatDesignElements.xcdatamodel */;
			path = FlatDesignElements.xcdatamodeld;
			sourceTree = "<group>";
			versionGroupType = wrapper.xcdatamodel;
		};
/* End XCVersionGroup section */
	};
	rootObject = 75164C171E9D7D340083F7C8 /* Project object */;
}
